
Microsoft Visual Studio Solution File, Format Version 11.00
# Visual Studio 2010
Project("{FAE04EC0-301F-11D3-BF4B-00C04F79EFBC}") = "Assembly-CSharp", "Assembly-CSharp.csproj", "{0F3E83AE-C7A5-C4D1-9B1A-92512736780F}"
EndProject
Project("{FAE04EC0-301F-11D3-BF4B-00C04F79EFBC}") = "MacBLAS", "MacBLAS.csproj", "{3BAC3634-D03F-B719-CF6B-B1929CE33A90}"
EndProject
Project("{FAE04EC0-301F-11D3-BF4B-00C04F79EFBC}") = "iOSBLAS", "iOSBLAS.csproj", "{89C55E98-A426-6F48-BF04-BB57F23709D9}"
EndProject
Project("{FAE04EC0-301F-11D3-BF4B-00C04F79EFBC}") = "Assembly-CSharp-Editor", "Assembly-CSharp-Editor.csproj", "{8B68A5B3-30A6-2FED-9F1C-322DC23B2516}"
EndProject
Project("{FAE04EC0-301F-11D3-BF4B-00C04F79EFBC}") = "Barracuda-editor", "Barracuda-editor.csproj", "{6B13F237-38D2-D164-90A6-25D95ABDB79C}"
EndProject
Global
	GlobalSection(SolutionConfigurationPlatforms) = preSolution
		Debug|Any CPU = Debug|Any CPU
		Release|Any CPU = Release|Any CPU
	EndGlobalSection
	GlobalSection(ProjectConfigurationPlatforms) = postSolution
		{0F3E83AE-C7A5-C4D1-9B1A-92512736780F}.Debug|Any CPU.ActiveCfg = Debug|Any CPU
		{0F3E83AE-C7A5-C4D1-9B1A-92512736780F}.Debug|Any CPU.Build.0 = Debug|Any CPU
		{0F3E83AE-C7A5-C4D1-9B1A-92512736780F}.Release|Any CPU.ActiveCfg = Release|Any CPU
		{0F3E83AE-C7A5-C4D1-9B1A-92512736780F}.Release|Any CPU.Build.0 = Release|Any CPU
		{3BAC3634-D03F-B719-CF6B-B1929CE33A90}.Debug|Any CPU.ActiveCfg = Debug|Any CPU
		{3BAC3634-D03F-B719-CF6B-B1929CE33A90}.Debug|Any CPU.Build.0 = Debug|Any CPU
		{3BAC3634-D03F-B719-CF6B-B1929CE33A90}.Release|Any CPU.ActiveCfg = Release|Any CPU
		{3BAC3634-D03F-B719-CF6B-B1929CE33A90}.Release|Any CPU.Build.0 = Release|Any CPU
		{89C55E98-A426-6F48-BF04-BB57F23709D9}.Debug|Any CPU.ActiveCfg = Debug|Any CPU
		{89C55E98-A426-6F48-BF04-BB57F23709D9}.Debug|Any CPU.Build.0 = Debug|Any CPU
		{89C55E98-A426-6F48-BF04-BB57F23709D9}.Release|Any CPU.ActiveCfg = Release|Any CPU
		{89C55E98-A426-6F48-BF04-BB57F23709D9}.Release|Any CPU.Build.0 = Release|Any CPU
		{8B68A5B3-30A6-2FED-9F1C-322DC23B2516}.Debug|Any CPU.ActiveCfg = Debug|Any CPU
		{8B68A5B3-30A6-2FED-9F1C-322DC23B2516}.Debug|Any CPU.Build.0 = Debug|Any CPU
		{8B68A5B3-30A6-2FED-9F1C-322DC23B2516}.Release|Any CPU.ActiveCfg = Release|Any CPU
		{8B68A5B3-30A6-2FED-9F1C-322DC23B2516}.Release|Any CPU.Build.0 = Release|Any CPU
		{6B13F237-38D2-D164-90A6-25D95ABDB79C}.Debug|Any CPU.ActiveCfg = Debug|Any CPU
		{6B13F237-38D2-D164-90A6-25D95ABDB79C}.Debug|Any CPU.Build.0 = Debug|Any CPU
		{6B13F237-38D2-D164-90A6-25D95ABDB79C}.Release|Any CPU.ActiveCfg = Release|Any CPU
		{6B13F237-38D2-D164-90A6-25D95ABDB79C}.Release|Any CPU.Build.0 = Release|Any CPU
	EndGlobalSection
	GlobalSection(SolutionProperties) = preSolution
		HideSolutionNode = FALSE
	EndGlobalSection
EndGlobal
